
Microsoft Visual Studio Solution File, Format Version 12.00
# Visual Studio Version 17
VisualStudioVersion = 17.6.33829.357
MinimumVisualStudioVersion = 10.0.40219.1
Project("{FAE04EC0-301F-11D3-BF4B-00C04F79EFBC}") = "EnglishScience", "EnglishScience.csproj", "{2D1F1BA8-E3B9-48F6-B170-1AFA735D8838}"
EndProject
Global
	GlobalSection(SolutionConfigurationPlatforms) = preSolution
		Debug|Any CPU = Debug|Any CPU
		Release|Any CPU = Release|Any CPU
	EndGlobalSection
	GlobalSection(ProjectConfigurationPlatforms) = postSolution
		{2D1F1BA8-E3B9-48F6-B170-1AFA735D8838}.Debug|Any CPU.ActiveCfg = Debug|Any CPU
		{2D1F1BA8-E3B9-48F6-B170-1AFA735D8838}.Debug|Any CPU.Build.0 = Debug|Any CPU
		{2D1F1BA8-E3B9-48F6-B170-1AFA735D8838}.Release|Any CPU.ActiveCfg = Release|Any CPU
		{2D1F1BA8-E3B9-48F6-B170-1AFA735D8838}.Release|Any CPU.Build.0 = Release|Any CPU
	EndGlobalSection
	GlobalSection(SolutionProperties) = preSolution
		HideSolutionNode = FALSE
	EndGlobalSection
	GlobalSection(ExtensibilityGlobals) = postSolution
		SolutionGuid = {344D0439-879F-4DCB-A69C-B66F20B96ED0}
	EndGlobalSection
EndGlobal
